{
  "lib/devtools": {
    "rev": "77ba15585252d58e1f613d69bef5013b15be0240"
  },
  "lib/forge-std": {
    "rev": "1eea5bae12ae557d589f9f0f0edae2faa47cb262"
  },
  "lib/openzeppelin-contracts": {
    "rev": "932fddf69a699a9a80fd2396fd1a2ab91cdda123"
  },
  "lib/openzeppelin-contracts-upgradeable": {
    "rev": "625fb3c2b2696f1747ba2e72d1e1113066e6c177"
  },
  "lib/solady": {
    "rev": "fe918e7d7b560dee66e657f49ef75645ec10f2e4"
  }
}