{
  "lib/LayerZero-v2": {
    "rev": "3801b9929281261b907eb3482a82364ad00d7868"
  },
  "lib/devtools": {
    "rev": "77ba15585252d58e1f613d69bef5013b15be0240"
  },
  "lib/forge-std": {
    "tag": {
      "name": "v1.11.0",
      "rev": "8e40513d678f392f398620b3ef2b418648b33e89"
    }
  },
  "lib/openzeppelin-contracts": {
    "tag": {
      "name": "v5.4.0",
      "rev": "c64a1edb67b6e3f4a15cca8909c9482ad33a02b0"
    }
  },
  "lib/openzeppelin-contracts-upgradeable": {
    "tag": {
      "name": "v5.4.0",
      "rev": "e725abddf1e01cf05ace496e950fc8e243cc7cab"
    }
  },
  "lib/solady": {
    "tag": {
      "name": "v0.1.26",
      "rev": "acd959aa4bd04720d640bf4e6a5c71037510cc4b"
    }
  },
  "lib/solidity-bytes-utils": {
    "rev": "fc502455bb2a7e26a743378df042612dd50d1eb9"
  }
}